// !$*UTF8*$!
{
	archiveVersion = 1;
	classes = {
	};
	objectVersion = 56;
	objects = {

/* Begin PBXBuildFile section */
		580649DF29861FB600D0DF5F /* RealmManager.swift in Sources */ = {isa = PBXBuildFile; fileRef = 580649DE29861FB600D0DF5F /* RealmManager.swift */; };
		580E63D32990C4A100A0762F /* TaskStoryCollectionViewCell.swift in Sources */ = {isa = PBXBuildFile; fileRef = 580E63D22990C4A100A0762F /* TaskStoryCollectionViewCell.swift */; };
		580E63D62990CD4F00A0762F /* Differentiator in Frameworks */ = {isa = PBXBuildFile; productRef = 580E63D52990CD4F00A0762F /* Differentiator */; };
		580E63D82990CD4F00A0762F /* RxDataSources in Frameworks */ = {isa = PBXBuildFile; productRef = 580E63D72990CD4F00A0762F /* RxDataSources */; };
		58101EE6298B8F65000C2671 /* Date+Extensions.swift in Sources */ = {isa = PBXBuildFile; fileRef = 58101EE5298B8F65000C2671 /* Date+Extensions.swift */; };
		5814EAFB298E3BDC006CDBFA /* UIImage+Extensions.swift in Sources */ = {isa = PBXBuildFile; fileRef = 5814EAFA298E3BDC006CDBFA /* UIImage+Extensions.swift */; };
		5830522529837B4C00E299C8 /* GardenImageViewModel.swift in Sources */ = {isa = PBXBuildFile; fileRef = 5830522429837B4C00E299C8 /* GardenImageViewModel.swift */; };
		58305227298386D700E299C8 /* TasksViewModel.swift in Sources */ = {isa = PBXBuildFile; fileRef = 58305226298386D700E299C8 /* TasksViewModel.swift */; };
		58305229298386E500E299C8 /* ProfileViewModel.swift in Sources */ = {isa = PBXBuildFile; fileRef = 58305228298386E500E299C8 /* ProfileViewModel.swift */; };
		5830522B298386F400E299C8 /* TextConfigurationsViewModel.swift in Sources */ = {isa = PBXBuildFile; fileRef = 5830522A298386F400E299C8 /* TextConfigurationsViewModel.swift */; };
		5830522D2983870400E299C8 /* imageAssetViewModel.swift in Sources */ = {isa = PBXBuildFile; fileRef = 5830522C2983870400E299C8 /* imageAssetViewModel.swift */; };
		5830522F29839C5600E299C8 /* StickerView.swift in Sources */ = {isa = PBXBuildFile; fileRef = 5830522E29839C5600E299C8 /* StickerView.swift */; };
		58396695297E367300B63E52 /* String+Extensions.swift in Sources */ = {isa = PBXBuildFile; fileRef = 58396694297E367300B63E52 /* String+Extensions.swift */; };
		58396697297E386400B63E52 /* UIFont+Extensions.swift in Sources */ = {isa = PBXBuildFile; fileRef = 58396696297E386400B63E52 /* UIFont+Extensions.swift */; };
		5839669B297E398A00B63E52 /* EBGaramond-Italic-VariableFont_wght.ttf in Resources */ = {isa = PBXBuildFile; fileRef = 58396699297E398A00B63E52 /* EBGaramond-Italic-VariableFont_wght.ttf */; };
		5839669C297E398A00B63E52 /* EBGaramond-Italic-VariableFont_wght.ttf in Resources */ = {isa = PBXBuildFile; fileRef = 58396699297E398A00B63E52 /* EBGaramond-Italic-VariableFont_wght.ttf */; };
		5839669D297E398A00B63E52 /* EBGaramond-Italic-VariableFont_wght.ttf in Resources */ = {isa = PBXBuildFile; fileRef = 58396699297E398A00B63E52 /* EBGaramond-Italic-VariableFont_wght.ttf */; };
		5839669E297E398A00B63E52 /* EBGaramond-VariableFont_wght.ttf in Resources */ = {isa = PBXBuildFile; fileRef = 5839669A297E398A00B63E52 /* EBGaramond-VariableFont_wght.ttf */; };
		5839669F297E398A00B63E52 /* EBGaramond-VariableFont_wght.ttf in Resources */ = {isa = PBXBuildFile; fileRef = 5839669A297E398A00B63E52 /* EBGaramond-VariableFont_wght.ttf */; };
		583966A0297E398A00B63E52 /* EBGaramond-VariableFont_wght.ttf in Resources */ = {isa = PBXBuildFile; fileRef = 5839669A297E398A00B63E52 /* EBGaramond-VariableFont_wght.ttf */; };
		583966A2297E401800B63E52 /* UIView+Extensions.swift in Sources */ = {isa = PBXBuildFile; fileRef = 583966A1297E401800B63E52 /* UIView+Extensions.swift */; };
		583966A3297E401800B63E52 /* UIView+Extensions.swift in Sources */ = {isa = PBXBuildFile; fileRef = 583966A1297E401800B63E52 /* UIView+Extensions.swift */; };
		583966A4297E401800B63E52 /* UIView+Extensions.swift in Sources */ = {isa = PBXBuildFile; fileRef = 583966A1297E401800B63E52 /* UIView+Extensions.swift */; };
		583966A6297E4E9100B63E52 /* UIColor+Extensions.swift in Sources */ = {isa = PBXBuildFile; fileRef = 583966A5297E4E9100B63E52 /* UIColor+Extensions.swift */; };
		583966A7297E4E9100B63E52 /* UIColor+Extensions.swift in Sources */ = {isa = PBXBuildFile; fileRef = 583966A5297E4E9100B63E52 /* UIColor+Extensions.swift */; };
		583966A8297E4E9100B63E52 /* UIColor+Extensions.swift in Sources */ = {isa = PBXBuildFile; fileRef = 583966A5297E4E9100B63E52 /* UIColor+Extensions.swift */; };
		583966B4297E5BCA00B63E52 /* RxCocoa in Frameworks */ = {isa = PBXBuildFile; productRef = 583966B3297E5BCA00B63E52 /* RxCocoa */; };
		583966B6297E5BCA00B63E52 /* RxRelay in Frameworks */ = {isa = PBXBuildFile; productRef = 583966B5297E5BCA00B63E52 /* RxRelay */; };
		583966B8297E5BCA00B63E52 /* RxSwift in Frameworks */ = {isa = PBXBuildFile; productRef = 583966B7297E5BCA00B63E52 /* RxSwift */; };
		585BB0FE2994B00E00EF01DA /* Optional+Extensions.swift in Sources */ = {isa = PBXBuildFile; fileRef = 585BB0FD2994B00E00EF01DA /* Optional+Extensions.swift */; };
		586950782984BE6300FDFEC8 /* Realm in Frameworks */ = {isa = PBXBuildFile; productRef = 586950772984BE6300FDFEC8 /* Realm */; };
		5869507A2984BE6300FDFEC8 /* RealmSwift in Frameworks */ = {isa = PBXBuildFile; productRef = 586950792984BE6300FDFEC8 /* RealmSwift */; };
		586E19222988D521000D6C84 /* Protocols.swift in Sources */ = {isa = PBXBuildFile; fileRef = 586E19212988D521000D6C84 /* Protocols.swift */; };
		5878144429680BE90074FA56 /* AppDelegate.swift in Sources */ = {isa = PBXBuildFile; fileRef = 5878144329680BE90074FA56 /* AppDelegate.swift */; };
		5878144629680BE90074FA56 /* SceneDelegate.swift in Sources */ = {isa = PBXBuildFile; fileRef = 5878144529680BE90074FA56 /* SceneDelegate.swift */; };
		5878144829680BE90074FA56 /* HomeViewController.swift in Sources */ = {isa = PBXBuildFile; fileRef = 5878144729680BE90074FA56 /* HomeViewController.swift */; };
		5878145029680BEA0074FA56 /* Assets.xcassets in Resources */ = {isa = PBXBuildFile; fileRef = 5878144F29680BEA0074FA56 /* Assets.xcassets */; };
		5878145329680BEA0074FA56 /* LaunchScreen.storyboard in Resources */ = {isa = PBXBuildFile; fileRef = 5878145129680BEA0074FA56 /* LaunchScreen.storyboard */; };
		5878145E29680BEA0074FA56 /* CollageunerTests.swift in Sources */ = {isa = PBXBuildFile; fileRef = 5878145D29680BEA0074FA56 /* CollageunerTests.swift */; };
		5878146829680BEA0074FA56 /* CollageunerUITests.swift in Sources */ = {isa = PBXBuildFile; fileRef = 5878146729680BEA0074FA56 /* CollageunerUITests.swift */; };
		5878146A29680BEA0074FA56 /* CollageunerUITestsLaunchTests.swift in Sources */ = {isa = PBXBuildFile; fileRef = 5878146929680BEA0074FA56 /* CollageunerUITestsLaunchTests.swift */; };
		58781478296818580074FA56 /* SnapKit in Frameworks */ = {isa = PBXBuildFile; productRef = 58781477296818580074FA56 /* SnapKit */; };
		5878147B296818680074FA56 /* Then in Frameworks */ = {isa = PBXBuildFile; productRef = 5878147A296818680074FA56 /* Then */; };
		5878147E296818920074FA56 /* Lottie in Frameworks */ = {isa = PBXBuildFile; productRef = 5878147D296818920074FA56 /* Lottie */; };
		5894B2B7296838B500263584 /* Identifiers.swift in Sources */ = {isa = PBXBuildFile; fileRef = 5894B2B6296838B500263584 /* Identifiers.swift */; };
		58A1C47729877AA700C1CDC6 /* TestttViewController.swift in Sources */ = {isa = PBXBuildFile; fileRef = 58A1C47629877AA700C1CDC6 /* TestttViewController.swift */; };
		58AF77092980FBAF00A46B3D /* GardenImage.swift in Sources */ = {isa = PBXBuildFile; fileRef = 58AF77082980FBAF00A46B3D /* GardenImage.swift */; };
		58AF770C298102C500A46B3D /* Tasks.swift in Sources */ = {isa = PBXBuildFile; fileRef = 58AF770B298102C500A46B3D /* Tasks.swift */; };
		58AF770E2981054A00A46B3D /* Profile.swift in Sources */ = {isa = PBXBuildFile; fileRef = 58AF770D2981054A00A46B3D /* Profile.swift */; };
		58AF771129810B4F00A46B3D /* TimeString.swift in Sources */ = {isa = PBXBuildFile; fileRef = 58AF771029810B4F00A46B3D /* TimeString.swift */; };
		58AF77132981115E00A46B3D /* TimeViewModel.swift in Sources */ = {isa = PBXBuildFile; fileRef = 58AF77122981115E00A46B3D /* TimeViewModel.swift */; };
		58AF77152981228500A46B3D /* GuideInformationCheck.swift in Sources */ = {isa = PBXBuildFile; fileRef = 58AF77142981228500A46B3D /* GuideInformationCheck.swift */; };
		58AF77172981245F00A46B3D /* TextConfigurations.swift in Sources */ = {isa = PBXBuildFile; fileRef = 58AF77162981245F00A46B3D /* TextConfigurations.swift */; };
		58AF77192981269400A46B3D /* GarageImages.swift in Sources */ = {isa = PBXBuildFile; fileRef = 58AF77182981269400A46B3D /* GarageImages.swift */; };
		58F832232993880D0070786F /* EmptyStoryTask.json in Resources */ = {isa = PBXBuildFile; fileRef = 58F832222993880D0070786F /* EmptyStoryTask.json */; };
		58F832272993933D0070786F /* EmptyHome.json in Resources */ = {isa = PBXBuildFile; fileRef = 58F832262993933C0070786F /* EmptyHome.json */; };
/* End PBXBuildFile section */

/* Begin PBXContainerItemProxy section */
		5878145A29680BEA0074FA56 /* PBXContainerItemProxy */ = {
			isa = PBXContainerItemProxy;
			containerPortal = 5878143829680BE90074FA56 /* Project object */;
			proxyType = 1;
			remoteGlobalIDString = 5878143F29680BE90074FA56;
			remoteInfo = Collageuner;
		};
		5878146429680BEA0074FA56 /* PBXContainerItemProxy */ = {
			isa = PBXContainerItemProxy;
			containerPortal = 5878143829680BE90074FA56 /* Project object */;
			proxyType = 1;
			remoteGlobalIDString = 5878143F29680BE90074FA56;
			remoteInfo = Collageuner;
		};
/* End PBXContainerItemProxy section */

/* Begin PBXFileReference section */
		580649DE29861FB600D0DF5F /* RealmManager.swift */ = {isa = PBXFileReference; lastKnownFileType = sourcecode.swift; path = RealmManager.swift; sourceTree = "<group>"; };
		580E63D22990C4A100A0762F /* TaskStoryCollectionViewCell.swift */ = {isa = PBXFileReference; lastKnownFileType = sourcecode.swift; path = TaskStoryCollectionViewCell.swift; sourceTree = "<group>"; };
		58101EE5298B8F65000C2671 /* Date+Extensions.swift */ = {isa = PBXFileReference; lastKnownFileType = sourcecode.swift; path = "Date+Extensions.swift"; sourceTree = "<group>"; };
		5814EAFA298E3BDC006CDBFA /* UIImage+Extensions.swift */ = {isa = PBXFileReference; lastKnownFileType = sourcecode.swift; path = "UIImage+Extensions.swift"; sourceTree = "<group>"; };
		5830522429837B4C00E299C8 /* GardenImageViewModel.swift */ = {isa = PBXFileReference; lastKnownFileType = sourcecode.swift; path = GardenImageViewModel.swift; sourceTree = "<group>"; };
		58305226298386D700E299C8 /* TasksViewModel.swift */ = {isa = PBXFileReference; lastKnownFileType = sourcecode.swift; path = TasksViewModel.swift; sourceTree = "<group>"; };
		58305228298386E500E299C8 /* ProfileViewModel.swift */ = {isa = PBXFileReference; lastKnownFileType = sourcecode.swift; path = ProfileViewModel.swift; sourceTree = "<group>"; };
		5830522A298386F400E299C8 /* TextConfigurationsViewModel.swift */ = {isa = PBXFileReference; lastKnownFileType = sourcecode.swift; path = TextConfigurationsViewModel.swift; sourceTree = "<group>"; };
		5830522C2983870400E299C8 /* imageAssetViewModel.swift */ = {isa = PBXFileReference; lastKnownFileType = sourcecode.swift; path = imageAssetViewModel.swift; sourceTree = "<group>"; };
		5830522E29839C5600E299C8 /* StickerView.swift */ = {isa = PBXFileReference; lastKnownFileType = sourcecode.swift; path = StickerView.swift; sourceTree = "<group>"; };
		58396694297E367300B63E52 /* String+Extensions.swift */ = {isa = PBXFileReference; lastKnownFileType = sourcecode.swift; path = "String+Extensions.swift"; sourceTree = "<group>"; };
		58396696297E386400B63E52 /* UIFont+Extensions.swift */ = {isa = PBXFileReference; lastKnownFileType = sourcecode.swift; path = "UIFont+Extensions.swift"; sourceTree = "<group>"; };
		58396699297E398A00B63E52 /* EBGaramond-Italic-VariableFont_wght.ttf */ = {isa = PBXFileReference; lastKnownFileType = file; path = "EBGaramond-Italic-VariableFont_wght.ttf"; sourceTree = "<group>"; };
		5839669A297E398A00B63E52 /* EBGaramond-VariableFont_wght.ttf */ = {isa = PBXFileReference; lastKnownFileType = file; path = "EBGaramond-VariableFont_wght.ttf"; sourceTree = "<group>"; };
		583966A1297E401800B63E52 /* UIView+Extensions.swift */ = {isa = PBXFileReference; lastKnownFileType = sourcecode.swift; path = "UIView+Extensions.swift"; sourceTree = "<group>"; };
		583966A5297E4E9100B63E52 /* UIColor+Extensions.swift */ = {isa = PBXFileReference; lastKnownFileType = sourcecode.swift; path = "UIColor+Extensions.swift"; sourceTree = "<group>"; };
		585BB0FD2994B00E00EF01DA /* Optional+Extensions.swift */ = {isa = PBXFileReference; lastKnownFileType = sourcecode.swift; path = "Optional+Extensions.swift"; sourceTree = "<group>"; };
		586E19212988D521000D6C84 /* Protocols.swift */ = {isa = PBXFileReference; lastKnownFileType = sourcecode.swift; path = Protocols.swift; sourceTree = "<group>"; };
		5878144029680BE90074FA56 /* Collageuner.app */ = {isa = PBXFileReference; explicitFileType = wrapper.application; includeInIndex = 0; path = Collageuner.app; sourceTree = BUILT_PRODUCTS_DIR; };
		5878144329680BE90074FA56 /* AppDelegate.swift */ = {isa = PBXFileReference; lastKnownFileType = sourcecode.swift; path = AppDelegate.swift; sourceTree = "<group>"; };
		5878144529680BE90074FA56 /* SceneDelegate.swift */ = {isa = PBXFileReference; lastKnownFileType = sourcecode.swift; path = SceneDelegate.swift; sourceTree = "<group>"; };
		5878144729680BE90074FA56 /* HomeViewController.swift */ = {isa = PBXFileReference; lastKnownFileType = sourcecode.swift; path = HomeViewController.swift; sourceTree = "<group>"; };
		5878144F29680BEA0074FA56 /* Assets.xcassets */ = {isa = PBXFileReference; lastKnownFileType = folder.assetcatalog; path = Assets.xcassets; sourceTree = "<group>"; };
		5878145229680BEA0074FA56 /* Base */ = {isa = PBXFileReference; lastKnownFileType = file.storyboard; name = Base; path = Base.lproj/LaunchScreen.storyboard; sourceTree = "<group>"; };
		5878145429680BEA0074FA56 /* Info.plist */ = {isa = PBXFileReference; lastKnownFileType = text.plist.xml; path = Info.plist; sourceTree = "<group>"; };
		5878145929680BEA0074FA56 /* CollageunerTests.xctest */ = {isa = PBXFileReference; explicitFileType = wrapper.cfbundle; includeInIndex = 0; path = CollageunerTests.xctest; sourceTree = BUILT_PRODUCTS_DIR; };
		5878145D29680BEA0074FA56 /* CollageunerTests.swift */ = {isa = PBXFileReference; lastKnownFileType = sourcecode.swift; path = CollageunerTests.swift; sourceTree = "<group>"; };
		5878146329680BEA0074FA56 /* CollageunerUITests.xctest */ = {isa = PBXFileReference; explicitFileType = wrapper.cfbundle; includeInIndex = 0; path = CollageunerUITests.xctest; sourceTree = BUILT_PRODUCTS_DIR; };
		5878146729680BEA0074FA56 /* CollageunerUITests.swift */ = {isa = PBXFileReference; lastKnownFileType = sourcecode.swift; path = CollageunerUITests.swift; sourceTree = "<group>"; };
		5878146929680BEA0074FA56 /* CollageunerUITestsLaunchTests.swift */ = {isa = PBXFileReference; lastKnownFileType = sourcecode.swift; path = CollageunerUITestsLaunchTests.swift; sourceTree = "<group>"; };
		5894B2B6296838B500263584 /* Identifiers.swift */ = {isa = PBXFileReference; lastKnownFileType = sourcecode.swift; name = Identifiers.swift; path = Collageuner/Logics/Identifiers.swift; sourceTree = SOURCE_ROOT; };
		58A1C47629877AA700C1CDC6 /* TestttViewController.swift */ = {isa = PBXFileReference; lastKnownFileType = sourcecode.swift; path = TestttViewController.swift; sourceTree = "<group>"; };
		58AF77082980FBAF00A46B3D /* GardenImage.swift */ = {isa = PBXFileReference; lastKnownFileType = sourcecode.swift; path = GardenImage.swift; sourceTree = "<group>"; };
		58AF770B298102C500A46B3D /* Tasks.swift */ = {isa = PBXFileReference; lastKnownFileType = sourcecode.swift; path = Tasks.swift; sourceTree = "<group>"; };
		58AF770D2981054A00A46B3D /* Profile.swift */ = {isa = PBXFileReference; lastKnownFileType = sourcecode.swift; path = Profile.swift; sourceTree = "<group>"; };
		58AF771029810B4F00A46B3D /* TimeString.swift */ = {isa = PBXFileReference; lastKnownFileType = sourcecode.swift; path = TimeString.swift; sourceTree = "<group>"; };
		58AF77122981115E00A46B3D /* TimeViewModel.swift */ = {isa = PBXFileReference; lastKnownFileType = sourcecode.swift; path = TimeViewModel.swift; sourceTree = "<group>"; };
		58AF77142981228500A46B3D /* GuideInformationCheck.swift */ = {isa = PBXFileReference; lastKnownFileType = sourcecode.swift; path = GuideInformationCheck.swift; sourceTree = "<group>"; };
		58AF77162981245F00A46B3D /* TextConfigurations.swift */ = {isa = PBXFileReference; lastKnownFileType = sourcecode.swift; path = TextConfigurations.swift; sourceTree = "<group>"; };
		58AF77182981269400A46B3D /* GarageImages.swift */ = {isa = PBXFileReference; lastKnownFileType = sourcecode.swift; path = GarageImages.swift; sourceTree = "<group>"; };
		58F832222993880D0070786F /* EmptyStoryTask.json */ = {isa = PBXFileReference; fileEncoding = 4; lastKnownFileType = text.json; path = EmptyStoryTask.json; sourceTree = "<group>"; };
		58F832262993933C0070786F /* EmptyHome.json */ = {isa = PBXFileReference; fileEncoding = 4; lastKnownFileType = text.json; path = EmptyHome.json; sourceTree = "<group>"; };
/* End PBXFileReference section */

/* Begin PBXFrameworksBuildPhase section */
		5878143D29680BE90074FA56 /* Frameworks */ = {
			isa = PBXFrameworksBuildPhase;
			buildActionMask = 2147483647;
			files = (
				5869507A2984BE6300FDFEC8 /* RealmSwift in Frameworks */,
				586950782984BE6300FDFEC8 /* Realm in Frameworks */,
				583966B8297E5BCA00B63E52 /* RxSwift in Frameworks */,
				580E63D82990CD4F00A0762F /* RxDataSources in Frameworks */,
				583966B6297E5BCA00B63E52 /* RxRelay in Frameworks */,
				58781478296818580074FA56 /* SnapKit in Frameworks */,
				5878147B296818680074FA56 /* Then in Frameworks */,
				583966B4297E5BCA00B63E52 /* RxCocoa in Frameworks */,
				580E63D62990CD4F00A0762F /* Differentiator in Frameworks */,
				5878147E296818920074FA56 /* Lottie in Frameworks */,
			);
			runOnlyForDeploymentPostprocessing = 0;
		};
		5878145629680BEA0074FA56 /* Frameworks */ = {
			isa = PBXFrameworksBuildPhase;
			buildActionMask = 2147483647;
			files = (
			);
			runOnlyForDeploymentPostprocessing = 0;
		};
		5878146029680BEA0074FA56 /* Frameworks */ = {
			isa = PBXFrameworksBuildPhase;
			buildActionMask = 2147483647;
			files = (
			);
			runOnlyForDeploymentPostprocessing = 0;
		};
/* End PBXFrameworksBuildPhase section */

/* Begin PBXGroup section */
		580649DD29861F9F00D0DF5F /* Realm */ = {
			isa = PBXGroup;
			children = (
				580649DE29861FB600D0DF5F /* RealmManager.swift */,
			);
			path = Realm;
			sourceTree = "<group>";
		};
		58396693297E364800B63E52 /* Extensions */ = {
			isa = PBXGroup;
			children = (
				58101EE5298B8F65000C2671 /* Date+Extensions.swift */,
				58396694297E367300B63E52 /* String+Extensions.swift */,
				583966A5297E4E9100B63E52 /* UIColor+Extensions.swift */,
				58396696297E386400B63E52 /* UIFont+Extensions.swift */,
				5814EAFA298E3BDC006CDBFA /* UIImage+Extensions.swift */,
				583966A1297E401800B63E52 /* UIView+Extensions.swift */,
				585BB0FD2994B00E00EF01DA /* Optional+Extensions.swift */,
			);
			path = Extensions;
			sourceTree = "<group>";
		};
		58396698297E395000B63E52 /* Fonts */ = {
			isa = PBXGroup;
			children = (
				58396699297E398A00B63E52 /* EBGaramond-Italic-VariableFont_wght.ttf */,
				5839669A297E398A00B63E52 /* EBGaramond-VariableFont_wght.ttf */,
			);
			path = Fonts;
			sourceTree = "<group>";
		};
		583966B9297E5FBF00B63E52 /* Home */ = {
			isa = PBXGroup;
			children = (
				580E63D22990C4A100A0762F /* TaskStoryCollectionViewCell.swift */,
			);
			path = Home;
			sourceTree = "<group>";
		};
		5868D82B29682FFB002E0919 /* AppDelegate */ = {
			isa = PBXGroup;
			children = (
				5878144329680BE90074FA56 /* AppDelegate.swift */,
				5878144529680BE90074FA56 /* SceneDelegate.swift */,
				5878145429680BEA0074FA56 /* Info.plist */,
			);
			path = AppDelegate;
			sourceTree = "<group>";
		};
		5868D82F29683027002E0919 /* ViewControllers */ = {
			isa = PBXGroup;
			children = (
				58AF770A2981023600A46B3D /* Home */,
			);
			path = ViewControllers;
			sourceTree = "<group>";
		};
		5868D831296830F9002E0919 /* Resources */ = {
			isa = PBXGroup;
			children = (
				58F83221299387B90070786F /* Lottie */,
				58396698297E395000B63E52 /* Fonts */,
				5878144F29680BEA0074FA56 /* Assets.xcassets */,
				5878145129680BEA0074FA56 /* LaunchScreen.storyboard */,
			);
			path = Resources;
			sourceTree = "<group>";
		};
		586E19202988D50D000D6C84 /* Protocols */ = {
			isa = PBXGroup;
			children = (
				586E19212988D521000D6C84 /* Protocols.swift */,
			);
			path = Protocols;
			sourceTree = "<group>";
		};
		5878143729680BE90074FA56 = {
			isa = PBXGroup;
			children = (
				5878144229680BE90074FA56 /* Collageuner */,
				5878145C29680BEA0074FA56 /* CollageunerTests */,
				5878146629680BEA0074FA56 /* CollageunerUITests */,
				5878144129680BE90074FA56 /* Products */,
			);
			sourceTree = "<group>";
		};
		5878144129680BE90074FA56 /* Products */ = {
			isa = PBXGroup;
			children = (
				5878144029680BE90074FA56 /* Collageuner.app */,
				5878145929680BEA0074FA56 /* CollageunerTests.xctest */,
				5878146329680BEA0074FA56 /* CollageunerUITests.xctest */,
			);
			name = Products;
			sourceTree = "<group>";
		};
		5878144229680BE90074FA56 /* Collageuner */ = {
			isa = PBXGroup;
			children = (
				5868D82B29682FFB002E0919 /* AppDelegate */,
				58396693297E364800B63E52 /* Extensions */,
				5894B2B22968388800263584 /* Logics */,
				5894B2B32968388E00263584 /* Models */,
				586E19202988D50D000D6C84 /* Protocols */,
				580649DD29861F9F00D0DF5F /* Realm */,
				5868D831296830F9002E0919 /* Resources */,
				5868D82F29683027002E0919 /* ViewControllers */,
				5894B2B02968387600263584 /* ViewModels */,
				5894B2B12968387D00263584 /* Views */,
			);
			path = Collageuner;
			sourceTree = "<group>";
		};
		5878145C29680BEA0074FA56 /* CollageunerTests */ = {
			isa = PBXGroup;
			children = (
				5878145D29680BEA0074FA56 /* CollageunerTests.swift */,
			);
			path = CollageunerTests;
			sourceTree = "<group>";
		};
		5878146629680BEA0074FA56 /* CollageunerUITests */ = {
			isa = PBXGroup;
			children = (
				5878146729680BEA0074FA56 /* CollageunerUITests.swift */,
				5878146929680BEA0074FA56 /* CollageunerUITestsLaunchTests.swift */,
			);
			path = CollageunerUITests;
			sourceTree = "<group>";
		};
		5894B2B02968387600263584 /* ViewModels */ = {
			isa = PBXGroup;
			children = (
				5830522C2983870400E299C8 /* imageAssetViewModel.swift */,
				5830522429837B4C00E299C8 /* GardenImageViewModel.swift */,
				58305228298386E500E299C8 /* ProfileViewModel.swift */,
				58305226298386D700E299C8 /* TasksViewModel.swift */,
				5830522A298386F400E299C8 /* TextConfigurationsViewModel.swift */,
				58AF77122981115E00A46B3D /* TimeViewModel.swift */,
			);
			path = ViewModels;
			sourceTree = "<group>";
		};
		5894B2B12968387D00263584 /* Views */ = {
			isa = PBXGroup;
			children = (
				583966B9297E5FBF00B63E52 /* Home */,
				5830522E29839C5600E299C8 /* StickerView.swift */,
			);
			path = Views;
			sourceTree = "<group>";
		};
		5894B2B22968388800263584 /* Logics */ = {
			isa = PBXGroup;
			children = (
				5894B2B6296838B500263584 /* Identifiers.swift */,
			);
			path = Logics;
			sourceTree = "<group>";
		};
		5894B2B32968388E00263584 /* Models */ = {
			isa = PBXGroup;
			children = (
				58AF77182981269400A46B3D /* GarageImages.swift */,
				58AF77082980FBAF00A46B3D /* GardenImage.swift */,
				58AF77142981228500A46B3D /* GuideInformationCheck.swift */,
				58AF770D2981054A00A46B3D /* Profile.swift */,
				58AF770B298102C500A46B3D /* Tasks.swift */,
				58AF77162981245F00A46B3D /* TextConfigurations.swift */,
				58AF771029810B4F00A46B3D /* TimeString.swift */,
			);
			path = Models;
			sourceTree = "<group>";
		};
		58AF770A2981023600A46B3D /* Home */ = {
			isa = PBXGroup;
			children = (
				5878144729680BE90074FA56 /* HomeViewController.swift */,
				58A1C47629877AA700C1CDC6 /* TestttViewController.swift */,
			);
			path = Home;
			sourceTree = "<group>";
		};
		58F83221299387B90070786F /* Lottie */ = {
			isa = PBXGroup;
			children = (
				58F832262993933C0070786F /* EmptyHome.json */,
				58F832222993880D0070786F /* EmptyStoryTask.json */,
			);
			path = Lottie;
			sourceTree = "<group>";
		};
/* End PBXGroup section */

/* Begin PBXNativeTarget section */
		5878143F29680BE90074FA56 /* Collageuner */ = {
			isa = PBXNativeTarget;
			buildConfigurationList = 5878146D29680BEA0074FA56 /* Build configuration list for PBXNativeTarget "Collageuner" */;
			buildPhases = (
				5878143C29680BE90074FA56 /* Sources */,
				5878143D29680BE90074FA56 /* Frameworks */,
				5878143E29680BE90074FA56 /* Resources */,
			);
			buildRules = (
			);
			dependencies = (
			);
			name = Collageuner;
			packageProductDependencies = (
				58781477296818580074FA56 /* SnapKit */,
				5878147A296818680074FA56 /* Then */,
				5878147D296818920074FA56 /* Lottie */,
				583966B3297E5BCA00B63E52 /* RxCocoa */,
				583966B5297E5BCA00B63E52 /* RxRelay */,
				583966B7297E5BCA00B63E52 /* RxSwift */,
				586950772984BE6300FDFEC8 /* Realm */,
				586950792984BE6300FDFEC8 /* RealmSwift */,
				580E63D52990CD4F00A0762F /* Differentiator */,
				580E63D72990CD4F00A0762F /* RxDataSources */,
			);
			productName = Collageuner;
			productReference = 5878144029680BE90074FA56 /* Collageuner.app */;
			productType = "com.apple.product-type.application";
		};
		5878145829680BEA0074FA56 /* CollageunerTests */ = {
			isa = PBXNativeTarget;
			buildConfigurationList = 5878147029680BEA0074FA56 /* Build configuration list for PBXNativeTarget "CollageunerTests" */;
			buildPhases = (
				5878145529680BEA0074FA56 /* Sources */,
				5878145629680BEA0074FA56 /* Frameworks */,
				5878145729680BEA0074FA56 /* Resources */,
			);
			buildRules = (
			);
			dependencies = (
				5878145B29680BEA0074FA56 /* PBXTargetDependency */,
			);
			name = CollageunerTests;
			productName = CollageunerTests;
			productReference = 5878145929680BEA0074FA56 /* CollageunerTests.xctest */;
			productType = "com.apple.product-type.bundle.unit-test";
		};
		5878146229680BEA0074FA56 /* CollageunerUITests */ = {
			isa = PBXNativeTarget;
			buildConfigurationList = 5878147329680BEA0074FA56 /* Build configuration list for PBXNativeTarget "CollageunerUITests" */;
			buildPhases = (
				5878145F29680BEA0074FA56 /* Sources */,
				5878146029680BEA0074FA56 /* Frameworks */,
				5878146129680BEA0074FA56 /* Resources */,
			);
			buildRules = (
			);
			dependencies = (
				5878146529680BEA0074FA56 /* PBXTargetDependency */,
			);
			name = CollageunerUITests;
			productName = CollageunerUITests;
			productReference = 5878146329680BEA0074FA56 /* CollageunerUITests.xctest */;
			productType = "com.apple.product-type.bundle.ui-testing";
		};
/* End PBXNativeTarget section */

/* Begin PBXProject section */
		5878143829680BE90074FA56 /* Project object */ = {
			isa = PBXProject;
			attributes = {
				BuildIndependentTargetsInParallel = 1;
				LastSwiftUpdateCheck = 1420;
				LastUpgradeCheck = 1420;
				TargetAttributes = {
					5878143F29680BE90074FA56 = {
						CreatedOnToolsVersion = 14.2;
					};
					5878145829680BEA0074FA56 = {
						CreatedOnToolsVersion = 14.2;
						TestTargetID = 5878143F29680BE90074FA56;
					};
					5878146229680BEA0074FA56 = {
						CreatedOnToolsVersion = 14.2;
						TestTargetID = 5878143F29680BE90074FA56;
					};
				};
			};
			buildConfigurationList = 5878143B29680BE90074FA56 /* Build configuration list for PBXProject "Collageuner" */;
			compatibilityVersion = "Xcode 14.0";
			developmentRegion = en;
			hasScannedForEncodings = 0;
			knownRegions = (
				en,
				Base,
			);
			mainGroup = 5878143729680BE90074FA56;
			packageReferences = (
				58781476296818580074FA56 /* XCRemoteSwiftPackageReference "SnapKit" */,
				58781479296818680074FA56 /* XCRemoteSwiftPackageReference "Then" */,
				5878147C296818920074FA56 /* XCRemoteSwiftPackageReference "lottie-ios" */,
				583966B2297E5BCA00B63E52 /* XCRemoteSwiftPackageReference "RxSwift" */,
				586950762984BE6300FDFEC8 /* XCRemoteSwiftPackageReference "realm-swift" */,
				580E63D42990CD4F00A0762F /* XCRemoteSwiftPackageReference "RxDataSources" */,
			);
			productRefGroup = 5878144129680BE90074FA56 /* Products */;
			projectDirPath = "";
			projectRoot = "";
			targets = (
				5878143F29680BE90074FA56 /* Collageuner */,
				5878145829680BEA0074FA56 /* CollageunerTests */,
				5878146229680BEA0074FA56 /* CollageunerUITests */,
			);
		};
/* End PBXProject section */

/* Begin PBXResourcesBuildPhase section */
		5878143E29680BE90074FA56 /* Resources */ = {
			isa = PBXResourcesBuildPhase;
			buildActionMask = 2147483647;
			files = (
				58F832272993933D0070786F /* EmptyHome.json in Resources */,
				5878145329680BEA0074FA56 /* LaunchScreen.storyboard in Resources */,
				5839669B297E398A00B63E52 /* EBGaramond-Italic-VariableFont_wght.ttf in Resources */,
				5839669E297E398A00B63E52 /* EBGaramond-VariableFont_wght.ttf in Resources */,
				58F832232993880D0070786F /* EmptyStoryTask.json in Resources */,
				5878145029680BEA0074FA56 /* Assets.xcassets in Resources */,
			);
			runOnlyForDeploymentPostprocessing = 0;
		};
		5878145729680BEA0074FA56 /* Resources */ = {
			isa = PBXResourcesBuildPhase;
			buildActionMask = 2147483647;
			files = (
				5839669F297E398A00B63E52 /* EBGaramond-VariableFont_wght.ttf in Resources */,
				5839669C297E398A00B63E52 /* EBGaramond-Italic-VariableFont_wght.ttf in Resources */,
			);
			runOnlyForDeploymentPostprocessing = 0;
		};
		5878146129680BEA0074FA56 /* Resources */ = {
			isa = PBXResourcesBuildPhase;
			buildActionMask = 2147483647;
			files = (
				583966A0297E398A00B63E52 /* EBGaramond-VariableFont_wght.ttf in Resources */,
				5839669D297E398A00B63E52 /* EBGaramond-Italic-VariableFont_wght.ttf in Resources */,
			);
			runOnlyForDeploymentPostprocessing = 0;
		};
/* End PBXResourcesBuildPhase section */

/* Begin PBXSourcesBuildPhase section */
		5878143C29680BE90074FA56 /* Sources */ = {
			isa = PBXSourcesBuildPhase;
			buildActionMask = 2147483647;
			files = (
				5878144829680BE90074FA56 /* HomeViewController.swift in Sources */,
				580E63D32990C4A100A0762F /* TaskStoryCollectionViewCell.swift in Sources */,
				58AF770E2981054A00A46B3D /* Profile.swift in Sources */,
				58396695297E367300B63E52 /* String+Extensions.swift in Sources */,
				5814EAFB298E3BDC006CDBFA /* UIImage+Extensions.swift in Sources */,
				5878144429680BE90074FA56 /* AppDelegate.swift in Sources */,
				58A1C47729877AA700C1CDC6 /* TestttViewController.swift in Sources */,
				5878144629680BE90074FA56 /* SceneDelegate.swift in Sources */,
				5830522B298386F400E299C8 /* TextConfigurationsViewModel.swift in Sources */,
				585BB0FE2994B00E00EF01DA /* Optional+Extensions.swift in Sources */,
				58305229298386E500E299C8 /* ProfileViewModel.swift in Sources */,
				583966A6297E4E9100B63E52 /* UIColor+Extensions.swift in Sources */,
				586E19222988D521000D6C84 /* Protocols.swift in Sources */,
				58AF771129810B4F00A46B3D /* TimeString.swift in Sources */,
				58101EE6298B8F65000C2671 /* Date+Extensions.swift in Sources */,
				5830522529837B4C00E299C8 /* GardenImageViewModel.swift in Sources */,
				58305227298386D700E299C8 /* TasksViewModel.swift in Sources */,
				58AF77152981228500A46B3D /* GuideInformationCheck.swift in Sources */,
				58AF77132981115E00A46B3D /* TimeViewModel.swift in Sources */,
				58396697297E386400B63E52 /* UIFont+Extensions.swift in Sources */,
				5894B2B7296838B500263584 /* Identifiers.swift in Sources */,
				583966A2297E401800B63E52 /* UIView+Extensions.swift in Sources */,
				58AF77172981245F00A46B3D /* TextConfigurations.swift in Sources */,
				58AF77192981269400A46B3D /* GarageImages.swift in Sources */,
				5830522D2983870400E299C8 /* imageAssetViewModel.swift in Sources */,
				5830522F29839C5600E299C8 /* StickerView.swift in Sources */,
				58AF770C298102C500A46B3D /* Tasks.swift in Sources */,
				58AF77092980FBAF00A46B3D /* GardenImage.swift in Sources */,
				580649DF29861FB600D0DF5F /* RealmManager.swift in Sources */,
			);
			runOnlyForDeploymentPostprocessing = 0;
		};
		5878145529680BEA0074FA56 /* Sources */ = {
			isa = PBXSourcesBuildPhase;
			buildActionMask = 2147483647;
			files = (
				583966A3297E401800B63E52 /* UIView+Extensions.swift in Sources */,
				583966A7297E4E9100B63E52 /* UIColor+Extensions.swift in Sources */,
				5878145E29680BEA0074FA56 /* CollageunerTests.swift in Sources */,
			);
			runOnlyForDeploymentPostprocessing = 0;
		};
		5878145F29680BEA0074FA56 /* Sources */ = {
			isa = PBXSourcesBuildPhase;
			buildActionMask = 2147483647;
			files = (
				583966A4297E401800B63E52 /* UIView+Extensions.swift in Sources */,
				5878146A29680BEA0074FA56 /* CollageunerUITestsLaunchTests.swift in Sources */,
				5878146829680BEA0074FA56 /* CollageunerUITests.swift in Sources */,
				583966A8297E4E9100B63E52 /* UIColor+Extensions.swift in Sources */,
			);
			runOnlyForDeploymentPostprocessing = 0;
		};
/* End PBXSourcesBuildPhase section */

/* Begin PBXTargetDependency section */
		5878145B29680BEA0074FA56 /* PBXTargetDependency */ = {
			isa = PBXTargetDependency;
			target = 5878143F29680BE90074FA56 /* Collageuner */;
			targetProxy = 5878145A29680BEA0074FA56 /* PBXContainerItemProxy */;
		};
		5878146529680BEA0074FA56 /* PBXTargetDependency */ = {
			isa = PBXTargetDependency;
			target = 5878143F29680BE90074FA56 /* Collageuner */;
			targetProxy = 5878146429680BEA0074FA56 /* PBXContainerItemProxy */;
		};
/* End PBXTargetDependency section */

/* Begin PBXVariantGroup section */
		5878145129680BEA0074FA56 /* LaunchScreen.storyboard */ = {
			isa = PBXVariantGroup;
			children = (
				5878145229680BEA0074FA56 /* Base */,
			);
			name = LaunchScreen.storyboard;
			sourceTree = "<group>";
		};
/* End PBXVariantGroup section */

/* Begin XCBuildConfiguration section */
		5878146B29680BEA0074FA56 /* Debug */ = {
			isa = XCBuildConfiguration;
			buildSettings = {
				ALWAYS_SEARCH_USER_PATHS = NO;
				CLANG_ANALYZER_NONNULL = YES;
				CLANG_ANALYZER_NUMBER_OBJECT_CONVERSION = YES_AGGRESSIVE;
				CLANG_CXX_LANGUAGE_STANDARD = "gnu++20";
				CLANG_ENABLE_MODULES = YES;
				CLANG_ENABLE_OBJC_ARC = YES;
				CLANG_ENABLE_OBJC_WEAK = YES;
				CLANG_WARN_BLOCK_CAPTURE_AUTORELEASING = YES;
				CLANG_WARN_BOOL_CONVERSION = YES;
				CLANG_WARN_COMMA = YES;
				CLANG_WARN_CONSTANT_CONVERSION = YES;
				CLANG_WARN_DEPRECATED_OBJC_IMPLEMENTATIONS = YES;
				CLANG_WARN_DIRECT_OBJC_ISA_USAGE = YES_ERROR;
				CLANG_WARN_DOCUMENTATION_COMMENTS = YES;
				CLANG_WARN_EMPTY_BODY = YES;
				CLANG_WARN_ENUM_CONVERSION = YES;
				CLANG_WARN_INFINITE_RECURSION = YES;
				CLANG_WARN_INT_CONVERSION = YES;
				CLANG_WARN_NON_LITERAL_NULL_CONVERSION = YES;
				CLANG_WARN_OBJC_IMPLICIT_RETAIN_SELF = YES;
				CLANG_WARN_OBJC_LITERAL_CONVERSION = YES;
				CLANG_WARN_OBJC_ROOT_CLASS = YES_ERROR;
				CLANG_WARN_QUOTED_INCLUDE_IN_FRAMEWORK_HEADER = YES;
				CLANG_WARN_RANGE_LOOP_ANALYSIS = YES;
				CLANG_WARN_STRICT_PROTOTYPES = YES;
				CLANG_WARN_SUSPICIOUS_MOVE = YES;
				CLANG_WARN_UNGUARDED_AVAILABILITY = YES_AGGRESSIVE;
				CLANG_WARN_UNREACHABLE_CODE = YES;
				CLANG_WARN__DUPLICATE_METHOD_MATCH = YES;
				COPY_PHASE_STRIP = NO;
				DEBUG_INFORMATION_FORMAT = dwarf;
				ENABLE_STRICT_OBJC_MSGSEND = YES;
				ENABLE_TESTABILITY = YES;
				GCC_C_LANGUAGE_STANDARD = gnu11;
				GCC_DYNAMIC_NO_PIC = NO;
				GCC_NO_COMMON_BLOCKS = YES;
				GCC_OPTIMIZATION_LEVEL = 0;
				GCC_PREPROCESSOR_DEFINITIONS = (
					"DEBUG=1",
					"$(inherited)",
				);
				GCC_WARN_64_TO_32_BIT_CONVERSION = YES;
				GCC_WARN_ABOUT_RETURN_TYPE = YES_ERROR;
				GCC_WARN_UNDECLARED_SELECTOR = YES;
				GCC_WARN_UNINITIALIZED_AUTOS = YES_AGGRESSIVE;
				GCC_WARN_UNUSED_FUNCTION = YES;
				GCC_WARN_UNUSED_VARIABLE = YES;
				IPHONEOS_DEPLOYMENT_TARGET = 16.0;
				MTL_ENABLE_DEBUG_INFO = INCLUDE_SOURCE;
				MTL_FAST_MATH = YES;
				ONLY_ACTIVE_ARCH = YES;
				SDKROOT = iphoneos;
				SWIFT_ACTIVE_COMPILATION_CONDITIONS = DEBUG;
				SWIFT_OPTIMIZATION_LEVEL = "-Onone";
			};
			name = Debug;
		};
		5878146C29680BEA0074FA56 /* Release */ = {
			isa = XCBuildConfiguration;
			buildSettings = {
				ALWAYS_SEARCH_USER_PATHS = NO;
				CLANG_ANALYZER_NONNULL = YES;
				CLANG_ANALYZER_NUMBER_OBJECT_CONVERSION = YES_AGGRESSIVE;
				CLANG_CXX_LANGUAGE_STANDARD = "gnu++20";
				CLANG_ENABLE_MODULES = YES;
				CLANG_ENABLE_OBJC_ARC = YES;
				CLANG_ENABLE_OBJC_WEAK = YES;
				CLANG_WARN_BLOCK_CAPTURE_AUTORELEASING = YES;
				CLANG_WARN_BOOL_CONVERSION = YES;
				CLANG_WARN_COMMA = YES;
				CLANG_WARN_CONSTANT_CONVERSION = YES;
				CLANG_WARN_DEPRECATED_OBJC_IMPLEMENTATIONS = YES;
				CLANG_WARN_DIRECT_OBJC_ISA_USAGE = YES_ERROR;
				CLANG_WARN_DOCUMENTATION_COMMENTS = YES;
				CLANG_WARN_EMPTY_BODY = YES;
				CLANG_WARN_ENUM_CONVERSION = YES;
				CLANG_WARN_INFINITE_RECURSION = YES;
				CLANG_WARN_INT_CONVERSION = YES;
				CLANG_WARN_NON_LITERAL_NULL_CONVERSION = YES;
				CLANG_WARN_OBJC_IMPLICIT_RETAIN_SELF = YES;
				CLANG_WARN_OBJC_LITERAL_CONVERSION = YES;
				CLANG_WARN_OBJC_ROOT_CLASS = YES_ERROR;
				CLANG_WARN_QUOTED_INCLUDE_IN_FRAMEWORK_HEADER = YES;
				CLANG_WARN_RANGE_LOOP_ANALYSIS = YES;
				CLANG_WARN_STRICT_PROTOTYPES = YES;
				CLANG_WARN_SUSPICIOUS_MOVE = YES;
				CLANG_WARN_UNGUARDED_AVAILABILITY = YES_AGGRESSIVE;
				CLANG_WARN_UNREACHABLE_CODE = YES;
				CLANG_WARN__DUPLICATE_METHOD_MATCH = YES;
				COPY_PHASE_STRIP = NO;
				DEBUG_INFORMATION_FORMAT = "dwarf-with-dsym";
				ENABLE_NS_ASSERTIONS = NO;
				ENABLE_STRICT_OBJC_MSGSEND = YES;
				GCC_C_LANGUAGE_STANDARD = gnu11;
				GCC_NO_COMMON_BLOCKS = YES;
				GCC_WARN_64_TO_32_BIT_CONVERSION = YES;
				GCC_WARN_ABOUT_RETURN_TYPE = YES_ERROR;
				GCC_WARN_UNDECLARED_SELECTOR = YES;
				GCC_WARN_UNINITIALIZED_AUTOS = YES_AGGRESSIVE;
				GCC_WARN_UNUSED_FUNCTION = YES;
				GCC_WARN_UNUSED_VARIABLE = YES;
				IPHONEOS_DEPLOYMENT_TARGET = 16.0;
				MTL_ENABLE_DEBUG_INFO = NO;
				MTL_FAST_MATH = YES;
				SDKROOT = iphoneos;
				SWIFT_COMPILATION_MODE = wholemodule;
				SWIFT_OPTIMIZATION_LEVEL = "-O";
				VALIDATE_PRODUCT = YES;
			};
			name = Release;
		};
		5878146E29680BEA0074FA56 /* Debug */ = {
			isa = XCBuildConfiguration;
			buildSettings = {
				ASSETCATALOG_COMPILER_APPICON_NAME = AppIcon;
				ASSETCATALOG_COMPILER_GLOBAL_ACCENT_COLOR_NAME = AccentColor;
				CODE_SIGN_IDENTITY = "Apple Development";
				CODE_SIGN_STYLE = Automatic;
				CURRENT_PROJECT_VERSION = 1;
				DEVELOPMENT_TEAM = 98TYR8WM82;
				GENERATE_INFOPLIST_FILE = YES;
				INFOPLIST_FILE = Collageuner/AppDelegate/Info.plist;
				INFOPLIST_KEY_LSApplicationCategoryType = "public.app-category.productivity";
				INFOPLIST_KEY_UIApplicationSupportsIndirectInputEvents = YES;
				INFOPLIST_KEY_UILaunchStoryboardName = LaunchScreen;
				INFOPLIST_KEY_UIRequiresFullScreen = YES;
				INFOPLIST_KEY_UISupportedInterfaceOrientations = UIInterfaceOrientationPortrait;
				INFOPLIST_KEY_UISupportedInterfaceOrientations_iPad = "UIInterfaceOrientationLandscapeLeft UIInterfaceOrientationLandscapeRight UIInterfaceOrientationPortrait UIInterfaceOrientationPortraitUpsideDown";
				IPHONEOS_DEPLOYMENT_TARGET = 16.0;
				LD_RUNPATH_SEARCH_PATHS = (
					"$(inherited)",
					"@executable_path/Frameworks",
				);
				MARKETING_VERSION = 1.0.0;
				PRODUCT_BUNDLE_IDENTIFIER = com.HappyOtter.Collageuner;
				PRODUCT_NAME = "$(TARGET_NAME)";
				PROVISIONING_PROFILE_SPECIFIER = "";
				SUPPORTED_PLATFORMS = "iphoneos iphonesimulator";
				SUPPORTS_MACCATALYST = NO;
				SUPPORTS_MAC_DESIGNED_FOR_IPHONE_IPAD = NO;
				SWIFT_ACTIVE_COMPILATION_CONDITIONS = DEBUG;
				SWIFT_EMIT_LOC_STRINGS = YES;
				SWIFT_VERSION = 5.0;
				TARGETED_DEVICE_FAMILY = "1,2";
			};
			name = Debug;
		};
		5878146F29680BEA0074FA56 /* Release */ = {
			isa = XCBuildConfiguration;
			buildSettings = {
				ASSETCATALOG_COMPILER_APPICON_NAME = AppIcon;
				ASSETCATALOG_COMPILER_GLOBAL_ACCENT_COLOR_NAME = AccentColor;
				CODE_SIGN_IDENTITY = "Apple Development";
				CODE_SIGN_STYLE = Automatic;
				CURRENT_PROJECT_VERSION = 1;
				DEVELOPMENT_TEAM = 98TYR8WM82;
				GENERATE_INFOPLIST_FILE = YES;
				INFOPLIST_FILE = Collageuner/AppDelegate/Info.plist;
				INFOPLIST_KEY_LSApplicationCategoryType = "public.app-category.productivity";
				INFOPLIST_KEY_UIApplicationSupportsIndirectInputEvents = YES;
				INFOPLIST_KEY_UILaunchStoryboardName = LaunchScreen;
				INFOPLIST_KEY_UIRequiresFullScreen = YES;
				INFOPLIST_KEY_UISupportedInterfaceOrientations = UIInterfaceOrientationPortrait;
				INFOPLIST_KEY_UISupportedInterfaceOrientations_iPad = "UIInterfaceOrientationLandscapeLeft UIInterfaceOrientationLandscapeRight UIInterfaceOrientationPortrait UIInterfaceOrientationPortraitUpsideDown";
				IPHONEOS_DEPLOYMENT_TARGET = 16.0;
				LD_RUNPATH_SEARCH_PATHS = (
					"$(inherited)",
					"@executable_path/Frameworks",
				);
				MARKETING_VERSION = 1.0.0;
				PRODUCT_BUNDLE_IDENTIFIER = com.HappyOtter.Collageuner;
				PRODUCT_NAME = "$(TARGET_NAME)";
				PROVISIONING_PROFILE_SPECIFIER = "";
				SUPPORTED_PLATFORMS = "iphoneos iphonesimulator";
				SUPPORTS_MACCATALYST = NO;
				SUPPORTS_MAC_DESIGNED_FOR_IPHONE_IPAD = NO;
				SWIFT_EMIT_LOC_STRINGS = YES;
				SWIFT_VERSION = 5.0;
				TARGETED_DEVICE_FAMILY = "1,2";
			};
			name = Release;
		};
		5878147129680BEA0074FA56 /* Debug */ = {
			isa = XCBuildConfiguration;
			buildSettings = {
				ALWAYS_EMBED_SWIFT_STANDARD_LIBRARIES = YES;
				BUNDLE_LOADER = "$(TEST_HOST)";
				CODE_SIGN_STYLE = Automatic;
				CURRENT_PROJECT_VERSION = 1;
				DEVELOPMENT_TEAM = 98TYR8WM82;
				GENERATE_INFOPLIST_FILE = YES;
				IPHONEOS_DEPLOYMENT_TARGET = 16.0;
				MARKETING_VERSION = 1.0;
				PRODUCT_BUNDLE_IDENTIFIER = com.HappyOtter.CollageunerTests;
				PRODUCT_NAME = "$(TARGET_NAME)";
				SUPPORTED_PLATFORMS = "iphoneos iphonesimulator";
				SUPPORTS_MACCATALYST = NO;
				SUPPORTS_MAC_DESIGNED_FOR_IPHONE_IPAD = NO;
				SWIFT_EMIT_LOC_STRINGS = NO;
				SWIFT_VERSION = 5.0;
				TARGETED_DEVICE_FAMILY = "1,2";
				TEST_HOST = "$(BUILT_PRODUCTS_DIR)/Collageuner.app/$(BUNDLE_EXECUTABLE_FOLDER_PATH)/Collageuner";
			};
			name = Debug;
		};
		5878147229680BEA0074FA56 /* Release */ = {
			isa = XCBuildConfiguration;
			buildSettings = {
				ALWAYS_EMBED_SWIFT_STANDARD_LIBRARIES = YES;
				BUNDLE_LOADER = "$(TEST_HOST)";
				CODE_SIGN_STYLE = Automatic;
				CURRENT_PROJECT_VERSION = 1;
				DEVELOPMENT_TEAM = 98TYR8WM82;
				GENERATE_INFOPLIST_FILE = YES;
				IPHONEOS_DEPLOYMENT_TARGET = 16.0;
				MARKETING_VERSION = 1.0;
				PRODUCT_BUNDLE_IDENTIFIER = com.HappyOtter.CollageunerTests;
				PRODUCT_NAME = "$(TARGET_NAME)";
				SUPPORTED_PLATFORMS = "iphoneos iphonesimulator";
				SUPPORTS_MACCATALYST = NO;
				SUPPORTS_MAC_DESIGNED_FOR_IPHONE_IPAD = NO;
				SWIFT_EMIT_LOC_STRINGS = NO;
				SWIFT_VERSION = 5.0;
				TARGETED_DEVICE_FAMILY = "1,2";
				TEST_HOST = "$(BUILT_PRODUCTS_DIR)/Collageuner.app/$(BUNDLE_EXECUTABLE_FOLDER_PATH)/Collageuner";
			};
			name = Release;
		};
		5878147429680BEA0074FA56 /* Debug */ = {
			isa = XCBuildConfiguration;
			buildSettings = {
				ALWAYS_EMBED_SWIFT_STANDARD_LIBRARIES = YES;
				CODE_SIGN_STYLE = Automatic;
				CURRENT_PROJECT_VERSION = 1;
				DEVELOPMENT_TEAM = 98TYR8WM82;
				GENERATE_INFOPLIST_FILE = YES;
				IPHONEOS_DEPLOYMENT_TARGET = 16.0;
				MARKETING_VERSION = 1.0;
				PRODUCT_BUNDLE_IDENTIFIER = com.HappyOtter.CollageunerUITests;
				PRODUCT_NAME = "$(TARGET_NAME)";
				SUPPORTED_PLATFORMS = "iphoneos iphonesimulator";
				SUPPORTS_MACCATALYST = NO;
				SUPPORTS_MAC_DESIGNED_FOR_IPHONE_IPAD = NO;
				SWIFT_EMIT_LOC_STRINGS = NO;
				SWIFT_VERSION = 5.0;
				TARGETED_DEVICE_FAMILY = "1,2";
				TEST_TARGET_NAME = Collageuner;
			};
			name = Debug;
		};
		5878147529680BEA0074FA56 /* Release */ = {
			isa = XCBuildConfiguration;
			buildSettings = {
				ALWAYS_EMBED_SWIFT_STANDARD_LIBRARIES = YES;
				CODE_SIGN_STYLE = Automatic;
				CURRENT_PROJECT_VERSION = 1;
				DEVELOPMENT_TEAM = 98TYR8WM82;
				GENERATE_INFOPLIST_FILE = YES;
				IPHONEOS_DEPLOYMENT_TARGET = 16.0;
				MARKETING_VERSION = 1.0;
				PRODUCT_BUNDLE_IDENTIFIER = com.HappyOtter.CollageunerUITests;
				PRODUCT_NAME = "$(TARGET_NAME)";
				SUPPORTED_PLATFORMS = "iphoneos iphonesimulator";
				SUPPORTS_MACCATALYST = NO;
				SUPPORTS_MAC_DESIGNED_FOR_IPHONE_IPAD = NO;
				SWIFT_EMIT_LOC_STRINGS = NO;
				SWIFT_VERSION = 5.0;
				TARGETED_DEVICE_FAMILY = "1,2";
				TEST_TARGET_NAME = Collageuner;
			};
			name = Release;
		};
/* End XCBuildConfiguration section */

/* Begin XCConfigurationList section */
		5878143B29680BE90074FA56 /* Build configuration list for PBXProject "Collageuner" */ = {
			isa = XCConfigurationList;
			buildConfigurations = (
				5878146B29680BEA0074FA56 /* Debug */,
				5878146C29680BEA0074FA56 /* Release */,
			);
			defaultConfigurationIsVisible = 0;
			defaultConfigurationName = Release;
		};
		5878146D29680BEA0074FA56 /* Build configuration list for PBXNativeTarget "Collageuner" */ = {
			isa = XCConfigurationList;
			buildConfigurations = (
				5878146E29680BEA0074FA56 /* Debug */,
				5878146F29680BEA0074FA56 /* Release */,
			);
			defaultConfigurationIsVisible = 0;
			defaultConfigurationName = Release;
		};
		5878147029680BEA0074FA56 /* Build configuration list for PBXNativeTarget "CollageunerTests" */ = {
			isa = XCConfigurationList;
			buildConfigurations = (
				5878147129680BEA0074FA56 /* Debug */,
				5878147229680BEA0074FA56 /* Release */,
			);
			defaultConfigurationIsVisible = 0;
			defaultConfigurationName = Release;
		};
		5878147329680BEA0074FA56 /* Build configuration list for PBXNativeTarget "CollageunerUITests" */ = {
			isa = XCConfigurationList;
			buildConfigurations = (
				5878147429680BEA0074FA56 /* Debug */,
				5878147529680BEA0074FA56 /* Release */,
			);
			defaultConfigurationIsVisible = 0;
			defaultConfigurationName = Release;
		};
/* End XCConfigurationList section */

/* Begin XCRemoteSwiftPackageReference section */
		580E63D42990CD4F00A0762F /* XCRemoteSwiftPackageReference "RxDataSources" */ = {
			isa = XCRemoteSwiftPackageReference;
			repositoryURL = "https://github.com/RxSwiftCommunity/RxDataSources";
			requirement = {
				kind = upToNextMajorVersion;
				minimumVersion = 5.0.0;
			};
		};
		583966B2297E5BCA00B63E52 /* XCRemoteSwiftPackageReference "RxSwift" */ = {
			isa = XCRemoteSwiftPackageReference;
			repositoryURL = "https://github.com/ReactiveX/RxSwift";
			requirement = {
				kind = upToNextMajorVersion;
				minimumVersion = 6.0.0;
			};
		};
		586950762984BE6300FDFEC8 /* XCRemoteSwiftPackageReference "realm-swift" */ = {
			isa = XCRemoteSwiftPackageReference;
			repositoryURL = "https://github.com/realm/realm-swift.git";
			requirement = {
				kind = upToNextMajorVersion;
				minimumVersion = 10.34.1;
			};
		};
		58781476296818580074FA56 /* XCRemoteSwiftPackageReference "SnapKit" */ = {
			isa = XCRemoteSwiftPackageReference;
			repositoryURL = "https://github.com/SnapKit/SnapKit.git";
			requirement = {
				kind = upToNextMajorVersion;
				minimumVersion = 5.0.0;
			};
		};
		58781479296818680074FA56 /* XCRemoteSwiftPackageReference "Then" */ = {
			isa = XCRemoteSwiftPackageReference;
			repositoryURL = "https://github.com/devxoul/Then";
			requirement = {
				kind = upToNextMajorVersion;
				minimumVersion = 3.0.0;
			};
		};
		5878147C296818920074FA56 /* XCRemoteSwiftPackageReference "lottie-ios" */ = {
			isa = XCRemoteSwiftPackageReference;
			repositoryURL = "https://github.com/airbnb/lottie-ios";
			requirement = {
				kind = upToNextMajorVersion;
				minimumVersion = 4.0.0;
			};
		};
/* End XCRemoteSwiftPackageReference section */

/* Begin XCSwiftPackageProductDependency section */
		580E63D52990CD4F00A0762F /* Differentiator */ = {
			isa = XCSwiftPackageProductDependency;
			package = 580E63D42990CD4F00A0762F /* XCRemoteSwiftPackageReference "RxDataSources" */;
			productName = Differentiator;
		};
		580E63D72990CD4F00A0762F /* RxDataSources */ = {
			isa = XCSwiftPackageProductDependency;
			package = 580E63D42990CD4F00A0762F /* XCRemoteSwiftPackageReference "RxDataSources" */;
			productName = RxDataSources;
		};
		583966B3297E5BCA00B63E52 /* RxCocoa */ = {
			isa = XCSwiftPackageProductDependency;
			package = 583966B2297E5BCA00B63E52 /* XCRemoteSwiftPackageReference "RxSwift" */;
			productName = RxCocoa;
		};
		583966B5297E5BCA00B63E52 /* RxRelay */ = {
			isa = XCSwiftPackageProductDependency;
			package = 583966B2297E5BCA00B63E52 /* XCRemoteSwiftPackageReference "RxSwift" */;
			productName = RxRelay;
		};
		583966B7297E5BCA00B63E52 /* RxSwift */ = {
			isa = XCSwiftPackageProductDependency;
			package = 583966B2297E5BCA00B63E52 /* XCRemoteSwiftPackageReference "RxSwift" */;
			productName = RxSwift;
		};
		586950772984BE6300FDFEC8 /* Realm */ = {
			isa = XCSwiftPackageProductDependency;
			package = 586950762984BE6300FDFEC8 /* XCRemoteSwiftPackageReference "realm-swift" */;
			productName = Realm;
		};
		586950792984BE6300FDFEC8 /* RealmSwift */ = {
			isa = XCSwiftPackageProductDependency;
			package = 586950762984BE6300FDFEC8 /* XCRemoteSwiftPackageReference "realm-swift" */;
			productName = RealmSwift;
		};
		58781477296818580074FA56 /* SnapKit */ = {
			isa = XCSwiftPackageProductDependency;
			package = 58781476296818580074FA56 /* XCRemoteSwiftPackageReference "SnapKit" */;
			productName = SnapKit;
		};
		5878147A296818680074FA56 /* Then */ = {
			isa = XCSwiftPackageProductDependency;
			package = 58781479296818680074FA56 /* XCRemoteSwiftPackageReference "Then" */;
			productName = Then;
		};
		5878147D296818920074FA56 /* Lottie */ = {
			isa = XCSwiftPackageProductDependency;
			package = 5878147C296818920074FA56 /* XCRemoteSwiftPackageReference "lottie-ios" */;
			productName = Lottie;
		};
/* End XCSwiftPackageProductDependency section */
	};
	rootObject = 5878143829680BE90074FA56 /* Project object */;
}
